
Microsoft Visual Studio Solution File, Format Version 12.00
# Visual Studio Version 17
VisualStudioVersion = 17.5.002.0
MinimumVisualStudioVersion = 10.0.40219.1
Project("{9A19103F-16F7-4668-BE54-9A1E7A4F7556}") = "Ssmtp.Aspire.AppHost", "Ssmtp.Aspire\Ssmtp.Aspire.AppHost\Ssmtp.Aspire.AppHost.csproj", "{7E10F415-DA9D-4AC3-97DF-99764EBBC521}"
EndProject
Project("{9A19103F-16F7-4668-BE54-9A1E7A4F7556}") = "Ssmtp.Aspire.ServiceDefaults", "Ssmtp.Aspire\Ssmtp.Aspire.ServiceDefaults\Ssmtp.Aspire.ServiceDefaults.csproj", "{1F7B3AA6-71E1-4440-86AB-D94EDF72B57A}"
EndProject
Project("{9A19103F-16F7-4668-BE54-9A1E7A4F7556}") = "SSMTP.API", "SSMTP.API\SSMTP.API.csproj", "{348DAE2A-A5B3-43DA-A41B-7B3D57F6B46C}"
EndProject
Project("{9A19103F-16F7-4668-BE54-9A1E7A4F7556}") = "SSMTP.Server", "SSMTP.Server\SSMTP.Server.csproj", "{EDB4BB25-8D5A-498C-8CEC-F70D95B3B67F}"
EndProject
Project("{FAE04EC0-301F-11D3-BF4B-00C04F79EFBC}") = "EmailClient", "EmailClient\EmailClient.csproj", "{C29A348B-B279-428B-8098-350BD6BDAC6E}"
EndProject
Global
	GlobalSection(SolutionConfigurationPlatforms) = preSolution
		Debug|Any CPU = Debug|Any CPU
		Release|Any CPU = Release|Any CPU
	EndGlobalSection
	GlobalSection(ProjectConfigurationPlatforms) = postSolution
		{7E10F415-DA9D-4AC3-97DF-99764EBBC521}.Debug|Any CPU.ActiveCfg = Debug|Any CPU
		{7E10F415-DA9D-4AC3-97DF-99764EBBC521}.Debug|Any CPU.Build.0 = Debug|Any CPU
		{7E10F415-DA9D-4AC3-97DF-99764EBBC521}.Release|Any CPU.ActiveCfg = Release|Any CPU
		{7E10F415-DA9D-4AC3-97DF-99764EBBC521}.Release|Any CPU.Build.0 = Release|Any CPU
		{1F7B3AA6-71E1-4440-86AB-D94EDF72B57A}.Debug|Any CPU.ActiveCfg = Debug|Any CPU
		{1F7B3AA6-71E1-4440-86AB-D94EDF72B57A}.Debug|Any CPU.Build.0 = Debug|Any CPU
		{1F7B3AA6-71E1-4440-86AB-D94EDF72B57A}.Release|Any CPU.ActiveCfg = Release|Any CPU
		{1F7B3AA6-71E1-4440-86AB-D94EDF72B57A}.Release|Any CPU.Build.0 = Release|Any CPU
		{348DAE2A-A5B3-43DA-A41B-7B3D57F6B46C}.Debug|Any CPU.ActiveCfg = Debug|Any CPU
		{348DAE2A-A5B3-43DA-A41B-7B3D57F6B46C}.Debug|Any CPU.Build.0 = Debug|Any CPU
		{348DAE2A-A5B3-43DA-A41B-7B3D57F6B46C}.Release|Any CPU.ActiveCfg = Release|Any CPU
		{348DAE2A-A5B3-43DA-A41B-7B3D57F6B46C}.Release|Any CPU.Build.0 = Release|Any CPU
		{EDB4BB25-8D5A-498C-8CEC-F70D95B3B67F}.Debug|Any CPU.ActiveCfg = Debug|Any CPU
		{EDB4BB25-8D5A-498C-8CEC-F70D95B3B67F}.Debug|Any CPU.Build.0 = Debug|Any CPU
		{EDB4BB25-8D5A-498C-8CEC-F70D95B3B67F}.Release|Any CPU.ActiveCfg = Release|Any CPU
		{EDB4BB25-8D5A-498C-8CEC-F70D95B3B67F}.Release|Any CPU.Build.0 = Release|Any CPU
		{C29A348B-B279-428B-8098-350BD6BDAC6E}.Debug|Any CPU.ActiveCfg = Debug|Any CPU
		{C29A348B-B279-428B-8098-350BD6BDAC6E}.Debug|Any CPU.Build.0 = Debug|Any CPU
		{C29A348B-B279-428B-8098-350BD6BDAC6E}.Release|Any CPU.ActiveCfg = Release|Any CPU
		{C29A348B-B279-428B-8098-350BD6BDAC6E}.Release|Any CPU.Build.0 = Release|Any CPU
	EndGlobalSection
	GlobalSection(SolutionProperties) = preSolution
		HideSolutionNode = FALSE
	EndGlobalSection
	GlobalSection(ExtensibilityGlobals) = postSolution
		SolutionGuid = {4B269123-F88C-4C2E-8C83-DED0162BA072}
	EndGlobalSection
EndGlobal
